
Microsoft Visual Studio Solution File, Format Version 12.00
# Visual Studio Version 17
VisualStudioVersion = 17.14.36414.22
MinimumVisualStudioVersion = 10.0.40219.1
Project("{FAE04EC0-301F-11D3-BF4B-00C04F79EFBC}") = "AMartinezTech.Domain", "AMartinezTech.Domain\AMartinezTech.Domain.csproj", "{EA1A1B8E-BE1D-47DB-88AF-1CDF616199CC}"
EndProject
Project("{FAE04EC0-301F-11D3-BF4B-00C04F79EFBC}") = "AMartinezTech.Application", "AMartinezTech.Application\AMartinezTech.Application.csproj", "{55590CD8-CE8E-41DE-B63F-C7E4AEF6AD38}"
EndProject
Project("{FAE04EC0-301F-11D3-BF4B-00C04F79EFBC}") = "AMartinezTech.Infrastucture", "AMartinezTech.Infrastucture\AMartinezTech.Infrastucture.csproj", "{91465E4C-F4B3-4192-AA75-1A6E90F1EE3E}"
EndProject
Project("{FAE04EC0-301F-11D3-BF4B-00C04F79EFBC}") = "AMartinezTech.WinForms", "AMartinezTech.WinForms\AMartinezTech.WinForms.csproj", "{B73DCF43-B44D-4E6D-88D7-CC6EEE04EAAD}"
EndProject
Global
	GlobalSection(SolutionConfigurationPlatforms) = preSolution
		Debug|Any CPU = Debug|Any CPU
		Release|Any CPU = Release|Any CPU
	EndGlobalSection
	GlobalSection(ProjectConfigurationPlatforms) = postSolution
		{EA1A1B8E-BE1D-47DB-88AF-1CDF616199CC}.Debug|Any CPU.ActiveCfg = Debug|Any CPU
		{EA1A1B8E-BE1D-47DB-88AF-1CDF616199CC}.Debug|Any CPU.Build.0 = Debug|Any CPU
		{EA1A1B8E-BE1D-47DB-88AF-1CDF616199CC}.Release|Any CPU.ActiveCfg = Release|Any CPU
		{EA1A1B8E-BE1D-47DB-88AF-1CDF616199CC}.Release|Any CPU.Build.0 = Release|Any CPU
		{55590CD8-CE8E-41DE-B63F-C7E4AEF6AD38}.Debug|Any CPU.ActiveCfg = Debug|Any CPU
		{55590CD8-CE8E-41DE-B63F-C7E4AEF6AD38}.Debug|Any CPU.Build.0 = Debug|Any CPU
		{55590CD8-CE8E-41DE-B63F-C7E4AEF6AD38}.Release|Any CPU.ActiveCfg = Release|Any CPU
		{55590CD8-CE8E-41DE-B63F-C7E4AEF6AD38}.Release|Any CPU.Build.0 = Release|Any CPU
		{91465E4C-F4B3-4192-AA75-1A6E90F1EE3E}.Debug|Any CPU.ActiveCfg = Debug|Any CPU
		{91465E4C-F4B3-4192-AA75-1A6E90F1EE3E}.Debug|Any CPU.Build.0 = Debug|Any CPU
		{91465E4C-F4B3-4192-AA75-1A6E90F1EE3E}.Release|Any CPU.ActiveCfg = Release|Any CPU
		{91465E4C-F4B3-4192-AA75-1A6E90F1EE3E}.Release|Any CPU.Build.0 = Release|Any CPU
		{B73DCF43-B44D-4E6D-88D7-CC6EEE04EAAD}.Debug|Any CPU.ActiveCfg = Debug|Any CPU
		{B73DCF43-B44D-4E6D-88D7-CC6EEE04EAAD}.Debug|Any CPU.Build.0 = Debug|Any CPU
		{B73DCF43-B44D-4E6D-88D7-CC6EEE04EAAD}.Release|Any CPU.ActiveCfg = Release|Any CPU
		{B73DCF43-B44D-4E6D-88D7-CC6EEE04EAAD}.Release|Any CPU.Build.0 = Release|Any CPU
	EndGlobalSection
	GlobalSection(SolutionProperties) = preSolution
		HideSolutionNode = FALSE
	EndGlobalSection
	GlobalSection(ExtensibilityGlobals) = postSolution
		SolutionGuid = {31329054-3712-47CF-A6A2-D894099F040C}
	EndGlobalSection
EndGlobal
