
Microsoft Visual Studio Solution File, Format Version 12.00
# Visual Studio Version 17
VisualStudioVersion = 17.14.36414.22 d17.14
MinimumVisualStudioVersion = 10.0.40219.1
Project("{FAE04EC0-301F-11D3-BF4B-00C04F79EFBC}") = "AMartinezTech.Domain", "AMartinezTech.Domain\AMartinezTech.Domain.csproj", "{EA1A1B8E-BE1D-47DB-88AF-1CDF616199CC}"
EndProject
Global
	GlobalSection(SolutionConfigurationPlatforms) = preSolution
		Debug|Any CPU = Debug|Any CPU
		Release|Any CPU = Release|Any CPU
	EndGlobalSection
	GlobalSection(ProjectConfigurationPlatforms) = postSolution
		{EA1A1B8E-BE1D-47DB-88AF-1CDF616199CC}.Debug|Any CPU.ActiveCfg = Debug|Any CPU
		{EA1A1B8E-BE1D-47DB-88AF-1CDF616199CC}.Debug|Any CPU.Build.0 = Debug|Any CPU
		{EA1A1B8E-BE1D-47DB-88AF-1CDF616199CC}.Release|Any CPU.ActiveCfg = Release|Any CPU
		{EA1A1B8E-BE1D-47DB-88AF-1CDF616199CC}.Release|Any CPU.Build.0 = Release|Any CPU
	EndGlobalSection
	GlobalSection(SolutionProperties) = preSolution
		HideSolutionNode = FALSE
	EndGlobalSection
	GlobalSection(ExtensibilityGlobals) = postSolution
		SolutionGuid = {31329054-3712-47CF-A6A2-D894099F040C}
	EndGlobalSection
EndGlobal
